{
  "version": 4,
  "terraform_version": "1.9.5",
  "serial": 326,
  "lineage": "a25aed17-5721-222e-576b-a258fbc4e071",
  "outputs": {
    "dbinstance-address": {
      "value": "deainstance.cxesyg80c7ge.eu-west-1.rds.amazonaws.com",
      "type": "string"
    },
    "dea-key": {
      "value": "-----BEGIN RSA PRIVATE KEY-----\nMIIJKQIBAAKCAgEAtDwsKYas4p/1mDx84/i5ewt0+CrfSCYISk7qZmMlKLc+5JA3\n/51dzDu3I0zSfE427Ib44UoZlZVmjaFsy+oQP7xXhIsDVfzb/881bMqqxnKEO2Ed\nwZhOgTw0QkiKJj/AZQbzAFShX1DyjSXDU75AvB4LPKnMBXBoJomIjPEKbWUIX1yr\nKZZIUrvj8v/03xCnKawgA6wrJiuKEFxNS7Zb0mwAVRRf0V9r9rXm1Vq/8T+iI9LI\nySe0QxQZSPelECF8NpUHmxbmzWrumLg0wdMQkvH69hd/Z9AsUTmtqtR99XQbrxM8\nWKd/cVFGV6FBJKMbL5b/+94cHRowkATjL13I3cW7VGYiWFZYgnBBiOORfehj0qfo\nW090s5mVi6eOi0Vn86apN8WB55tLrSOUDMwUJJsXIHaCG9TH53Lg2Jn3moXo0dZZ\n/De9kJJwhDCBgcil2GIgLdjHvN7S8dTYZib5quObGnDB+46NTlPqAmlmBVf3hbBS\nCKT7m6TOWdbM5Xp9kCKIv/hGbnfK/6q8nuv6dlm1gInCI9pk2OAIDOMzHYAtBJNo\n/+FGQ5IzoWXhM1lESu/arJ/ccs9j26J9aXrzzXRXreWjEpfjm5cQ7QbjMTXq4KzQ\nOO42GYJYAZRl6Bt4fLi/HY1EVql2rS+044Sx3QGDsDH8yJJwt+59qIEqnJsCAwEA\nAQKCAgAn8sZfFeiv+oB3E8EiznheG3X7o5UF6tgfkEpIE2WjFqqsAoNG9txZbkrz\nWg21W6i02F3FoaT2EL1AWy1ALUsYtWg4io9cucUReB4BVRJxFeTVPHtZ86ZC4tM6\nddWZELxWKCooQpnaBJkeS+Z1Y0/54jbfZUtBUV7kW8uWYb7L7H7klCej+hlhrR+j\nNrRR1OEYTXxzE/Akb7YUVkETrQHBLAsO0ItEXwARGNRnKcwtbstDYW77lv9Pdt77\n21gMsT9U4cdjyrmxgigMVZfr9hpQV64maaLlobCQ+FXT7XFVvDx+m6beh5Gpzjfn\nKGjF9BkMfU2Tx/E3ShzFby/jycfBcJ2OZCa8wkxqMo6OR1XF7KpYfdLMTue4IrFh\nvgPIXyt3ENbJsgudO8mi+qhd8cgbtZSWM2f70cbqdr3P7wJ29qsTTNCaG03gdXDZ\n64ITNe1CnGIVWxjjsVrtDpvhKdhE0ZOFoy0x6qJTAyxvj+6jpg3IOuIpzQXyAe4B\njl6g7aEIboFBHegt+j9Nc5BmT2TcvCQNFE9fehXajEHOBgxm1Uw5S1UcvoZFA7XT\nMNJj6JMm7R5yh8/mtoZ4AUgIxrxaLk6BJJQuWyjRrXKj4VNgN00bRGJfiEwQURMI\nz25Kb1SzzutmJSiyZKYpGRfeHMTgCFBWvWvH2ciHfXs5oyTXIQKCAQEA5zNe0h8A\n9uIsJHHFX13Rq2teTzhegyUUccN3vlcZ28ZgX5sDYGLJe49ATN2C9CuMqcbkrj2G\no4LRBHLf+Hsz9znnG8abDxLSn1mCVLDFi1JN8VZHlMPyKTb5g3lHRRid3Vyq9pEn\nJ7WqI9D5FOjyPodIhJkxrJ5dyAbI6tBub8f9FcOXgOAb8WZ0K7vG5vxWMlFeh0bH\nGUpvm+5oJLE3l3yp/lCS5kgXuS8LL711Dor+NjEh1cTpUJDDy8CBe5NyHPSOKfzl\nmFj+AXJe7W9hZdDf6/WOWLaQ9Na8jjlP8iG1tJ/sX1c/x3pPNtq3Pgo1L/R207yk\n/X+QJXW31j4mMwKCAQEAx5FROdS6gT5bG52OnMSoSGLGVAwfBz5nGvbDK6FsozFP\nGq6R2xIWxJJTmLmPILptwd2UE5Z5vTkret3wgm0alG2ItVxgs8mobPOPVZgmppDl\nhoYfsp2zwluZ+C4GfwVX/29oWFa8gdZg8feA4cFtG71Rx1TL2K532J7CS+PyA7sk\nc9acsOZyoKogyajMdkqlFqKItqhFXBi+UL9n6QIKiTiS2DvrEN0MDh7dgUs+FL3k\nAE7/mAiMPLch/pEFxJBz963bi8KajtXsiIl9N3X4TMhcTJSGp8NomUn4CUGsrpag\nChezcWjZmXkBZBefas0S6eigpYLW5EbRmxdk1fO3+QKCAQEAv/Q6qaHsHw4xMCD1\nifRO/E+sgYF/lsrWao2rgXC3m2zc3wPIjeH2/os1C5xt+WOe6eakPrX+bwtRlqv5\noEhKIN0GMF14p88s5/hc6QvLN50h8Vl9HNqC2A04pBuxPIDvsLYbi5OAOsvtcscx\nxlaRqbCQWOcIAxWJL2XSsoJS7qPQUJ2P0ARBru8tTJIe1fBzcFt2bEIrU6glegU6\nmhw416E9UlR7Yo5AhBO26fAWm/hyj3PDb8SJIcbPiP9PgdYtTDUPQ3Ug+pgIbBMV\nFXUAHJSLFVFO2gDZ4S3YZwzWf2XVgx20FoROA8RcuGJm+S9ocWQ6tBlPstiSSUev\nVkVLWQKCAQBWmAqLsm+e5wS3bd1UzsxKZHm0PHI2PXCVtZ8oTmoKQboWVMs7KJUy\nhF+7tECTrfE0HsZC3ZdDcQwZyzWyEk9nOkQIleXr/UOUyvZV6KhUvCir/4S/h0hZ\nvE+J7cap1RLC5n97XV98Yx47v+5vhvOmBrb2bCfrhIDCQNkD/wujbM+7Z9Mju0rf\nxhJmDlVxup/5u1rhDxDRjnb+KJ+Y7mbN9ftZ0l4EOjYh5mis0o5Eh8ToEV88g/D9\n42TfxeOf0CJRxWGvOijAc7in4iiwKQMtpf7Ox9/J6bN4WC1FLvcT5o3Y80HMovdQ\nbb4ZxVpKCGP9lRAn4ScHdGc9CaCaaZ9ZAoIBAQCPmjxg7SF6gu7iWir0KJGvjuVC\n+IwBrJ3fs9D9v4gajt/Nmx+SSYI5+5lJDh0JoefHTTEVYg3MmNmbLytpYf0kYpfm\nQi5IvUKypINEjhwuRCovGadkZqaMYik7720A8HncHFqpqxG9XQTfBJDXeMCmref/\nOFQ6zDRsbVlg9yZpzlKju/wVK+B/mzIYuI/roq3Od5aQZUN1VTdGvFvxRKDfzC/u\ny06YXQGAKqldb333Cn/VRpZD/cSuxLvD9pWeOb1bMd6TiNrOE4mCLUkrEtQD4pk/\n85gshWu+VGFlX8SoMUizhKNd7PDJKSTYOeCiilY2e16uSEka8WyMINeXmF1e\n-----END RSA PRIVATE KEY-----\n",
      "type": "string",
      "sensitive": true
    },
    "jumpbox_public_ips": {
      "value": [
        "63.33.58.198"
      ],
      "type": [
        "tuple",
        [
          "string"
        ]
      ]
    }
  },
  "resources": [
    {
      "mode": "data",
      "type": "aws_ami",
      "name": "ubuntu",
      "provider": "provider[\"registry.terraform.io/hashicorp/aws\"]",
      "instances": [
        {
          "schema_version": 0,
          "attributes": {
            "architecture": "x86_64",
            "arn": "arn:aws:ec2:eu-west-1::image/ami-0520e200eb4f308f2",
            "block_device_mappings": [
              {
                "device_name": "/dev/sda1",
                "ebs": {
                  "delete_on_termination": "true",
                  "encrypted": "false",
                  "iops": "0",
                  "snapshot_id": "snap-0842affa8ff645b77",
                  "throughput": "0",
                  "volume_size": "8",
                  "volume_type": "gp2"
                },
                "no_device": "",
                "virtual_name": ""
              },
              {
                "device_name": "/dev/sdb",
                "ebs": {},
                "no_device": "",
                "virtual_name": "ephemeral0"
              },
              {
                "device_name": "/dev/sdc",
                "ebs": {},
                "no_device": "",
                "virtual_name": "ephemeral1"
              }
            ],
            "boot_mode": "legacy-bios",
            "creation_date": "2025-04-03T06:01:59.000Z",
            "deprecation_time": "2027-04-03T06:01:59.000Z",
            "description": "Canonical, Ubuntu, 20.04, amd64 focal image",
            "ena_support": true,
            "executable_users": null,
            "filter": [
              {
                "name": "name",
                "values": [
                  "ubuntu/images/hvm-ssd/ubuntu-focal-20.04-amd64-server-*"
                ]
              },
              {
                "name": "virtualization-type",
                "values": [
                  "hvm"
                ]
              }
            ],
            "hypervisor": "xen",
            "id": "ami-0520e200eb4f308f2",
            "image_id": "ami-0520e200eb4f308f2",
            "image_location": "amazon/ubuntu/images/hvm-ssd/ubuntu-focal-20.04-amd64-server-20250403",
            "image_owner_alias": "amazon",
            "image_type": "machine",
            "imds_support": "",
            "include_deprecated": false,
            "kernel_id": "",
            "last_launched_time": "",
            "most_recent": true,
            "name": "ubuntu/images/hvm-ssd/ubuntu-focal-20.04-amd64-server-20250403",
            "name_regex": null,
            "owner_id": "099720109477",
            "owners": [
              "099720109477"
            ],
            "platform": "",
            "platform_details": "Linux/UNIX",
            "product_codes": [],
            "public": true,
            "ramdisk_id": "",
            "root_device_name": "/dev/sda1",
            "root_device_type": "ebs",
            "root_snapshot_id": "snap-0842affa8ff645b77",
            "sriov_net_support": "simple",
            "state": "available",
            "state_reason": {
              "code": "UNSET",
              "message": "UNSET"
            },
            "tags": {},
            "timeouts": null,
            "tpm_support": "",
            "uefi_data": null,
            "usage_operation": "RunInstances",
            "virtualization_type": "hvm"
          },
          "sensitive_attributes": []
        }
      ]
    },
    {
      "mode": "data",
      "type": "aws_availability_zones",
      "name": "available",
      "provider": "provider[\"registry.terraform.io/hashicorp/aws\"]",
      "instances": [
        {
          "schema_version": 0,
          "attributes": {
            "all_availability_zones": null,
            "exclude_names": null,
            "exclude_zone_ids": null,
            "filter": null,
            "group_names": [
              "eu-west-1-zg-1"
            ],
            "id": "eu-west-1",
            "names": [
              "eu-west-1a",
              "eu-west-1b",
              "eu-west-1c"
            ],
            "state": "available",
            "timeouts": null,
            "zone_ids": [
              "euw1-az3",
              "euw1-az1",
              "euw1-az2"
            ]
          },
          "sensitive_attributes": []
        }
      ]
    },
    {
      "mode": "managed",
      "type": "aws_db_instance",
      "name": "default",
      "provider": "provider[\"registry.terraform.io/hashicorp/aws\"]",
      "instances": [
        {
          "schema_version": 2,
          "attributes": {
            "address": "deainstance.cxesyg80c7ge.eu-west-1.rds.amazonaws.com",
            "allocated_storage": 10,
            "allow_major_version_upgrade": null,
            "apply_immediately": false,
            "arn": "arn:aws:rds:eu-west-1:577638385121:db:deainstance",
            "auto_minor_version_upgrade": true,
            "availability_zone": "eu-west-1b",
            "backup_retention_period": 0,
            "backup_target": "region",
            "backup_window": "00:34-01:04",
            "blue_green_update": [],
            "ca_cert_identifier": "rds-ca-rsa2048-g1",
            "character_set_name": "",
            "copy_tags_to_snapshot": false,
            "custom_iam_instance_profile": "",
            "customer_owned_ip_enabled": false,
            "database_insights_mode": "standard",
            "db_name": "deadb",
            "db_subnet_group_name": "my-db-subnet-group",
            "dedicated_log_volume": false,
            "delete_automated_backups": true,
            "deletion_protection": false,
            "domain": "",
            "domain_auth_secret_arn": "",
            "domain_dns_ips": null,
            "domain_fqdn": "",
            "domain_iam_role_name": "",
            "domain_ou": "",
            "enabled_cloudwatch_logs_exports": null,
            "endpoint": "deainstance.cxesyg80c7ge.eu-west-1.rds.amazonaws.com:3306",
            "engine": "mysql",
            "engine_lifecycle_support": "open-source-rds-extended-support",
            "engine_version": "5.7",
            "engine_version_actual": "5.7.44-rds.20240808",
            "final_snapshot_identifier": null,
            "hosted_zone_id": "Z29XKXDKYMONMX",
            "iam_database_authentication_enabled": false,
            "id": "db-QMHDWECIXBKGWKRN5KNPRG3V7Q",
            "identifier": "deainstance",
            "identifier_prefix": "",
            "instance_class": "db.t3.micro",
            "iops": 0,
            "kms_key_id": "",
            "latest_restorable_time": "",
            "license_model": "general-public-license",
            "listener_endpoint": [],
            "maintenance_window": "thu:04:54-thu:05:24",
            "manage_master_user_password": null,
            "master_user_secret": [],
            "master_user_secret_kms_key_id": null,
            "max_allocated_storage": 0,
            "monitoring_interval": 0,
            "monitoring_role_arn": "",
            "multi_az": false,
            "nchar_character_set_name": "",
            "network_type": "IPV4",
            "option_group_name": "default:mysql-5-7",
            "parameter_group_name": "default.mysql5.7",
            "password": "Password123",
            "password_wo": null,
            "password_wo_version": null,
            "performance_insights_enabled": false,
            "performance_insights_kms_key_id": "",
            "performance_insights_retention_period": 0,
            "port": 3306,
            "publicly_accessible": false,
            "replica_mode": "",
            "replicas": [],
            "replicate_source_db": "",
            "resource_id": "db-QMHDWECIXBKGWKRN5KNPRG3V7Q",
            "restore_to_point_in_time": [],
            "s3_import": [],
            "skip_final_snapshot": true,
            "snapshot_identifier": null,
            "status": "available",
            "storage_encrypted": false,
            "storage_throughput": 0,
            "storage_type": "gp2",
            "tags": null,
            "tags_all": {},
            "timeouts": null,
            "timezone": "",
            "upgrade_storage_config": null,
            "username": "dbadmin",
            "vpc_security_group_ids": [
              "sg-07e7f58f977c67cd6"
            ]
          },
          "sensitive_attributes": [
            [
              {
                "type": "get_attr",
                "value": "password_wo"
              }
            ],
            [
              {
                "type": "get_attr",
                "value": "password"
              }
            ]
          ],
          "private": "eyJlMmJmYjczMC1lY2FhLTExZTYtOGY4OC0zNDM2M2JjN2M0YzAiOnsiY3JlYXRlIjozMDAwMDAwMDAwMDAwLCJkZWxldGUiOjM2MDAwMDAwMDAwMDAsInVwZGF0ZSI6NDgwMDAwMDAwMDAwMH0sInNjaGVtYV92ZXJzaW9uIjoiMiJ9",
          "dependencies": [
            "aws_db_subnet_group.dea_db_subnet_group",
            "aws_security_group.dea-db-instance",
            "aws_subnet.privatesubnet",
            "aws_subnet.publicsubnet",
            "aws_vpc.dea",
            "data.aws_availability_zones.available"
          ]
        }
      ]
    },
    {
      "mode": "managed",
      "type": "aws_db_subnet_group",
      "name": "dea_db_subnet_group",
      "provider": "provider[\"registry.terraform.io/hashicorp/aws\"]",
      "instances": [
        {
          "schema_version": 0,
          "attributes": {
            "arn": "arn:aws:rds:eu-west-1:577638385121:subgrp:my-db-subnet-group",
            "description": "Managed by Terraform",
            "id": "my-db-subnet-group",
            "name": "my-db-subnet-group",
            "name_prefix": "",
            "subnet_ids": [
              "subnet-00982ac201877e2ba",
              "subnet-0ab66c1d242335d1d"
            ],
            "supported_network_types": [
              "IPV4"
            ],
            "tags": {
              "Name": "dea DB Subnet Group"
            },
            "tags_all": {
              "Name": "dea DB Subnet Group"
            },
            "vpc_id": "vpc-0bf4daa25232a9fea"
          },
          "sensitive_attributes": [],
          "private": "bnVsbA==",
          "dependencies": [
            "aws_subnet.privatesubnet",
            "aws_subnet.publicsubnet",
            "aws_vpc.dea",
            "data.aws_availability_zones.available"
          ]
        }
      ]
    },
    {
      "mode": "managed",
      "type": "aws_eip",
      "name": "myEIP",
      "provider": "provider[\"registry.terraform.io/hashicorp/aws\"]",
      "instances": [
        {
          "schema_version": 0,
          "attributes": {
            "address": null,
            "allocation_id": "eipalloc-00cc34aa0c650b85f",
            "arn": "arn:aws:ec2:eu-west-1:577638385121:elastic-ip/eipalloc-00cc34aa0c650b85f",
            "associate_with_private_ip": null,
            "association_id": "",
            "carrier_ip": "",
            "customer_owned_ip": "",
            "customer_owned_ipv4_pool": "",
            "domain": "vpc",
            "id": "eipalloc-00cc34aa0c650b85f",
            "instance": "",
            "ipam_pool_id": null,
            "network_border_group": "eu-west-1",
            "network_interface": "",
            "private_dns": null,
            "private_ip": "",
            "ptr_record": "",
            "public_dns": "ec2-34-247-77-46.eu-west-1.compute.amazonaws.com",
            "public_ip": "34.247.77.46",
            "public_ipv4_pool": "amazon",
            "tags": {},
            "tags_all": {},
            "timeouts": null,
            "vpc": true
          },
          "sensitive_attributes": [],
          "private": "eyJlMmJmYjczMC1lY2FhLTExZTYtOGY4OC0zNDM2M2JjN2M0YzAiOnsiZGVsZXRlIjoxODAwMDAwMDAwMDAsInJlYWQiOjkwMDAwMDAwMDAwMCwidXBkYXRlIjozMDAwMDAwMDAwMDB9fQ=="
        }
      ]
    },
    {
      "mode": "managed",
      "type": "aws_instance",
      "name": "dea-jumpbox",
      "provider": "provider[\"registry.terraform.io/hashicorp/aws\"]",
      "instances": [
        {
          "index_key": 0,
          "schema_version": 1,
          "attributes": {
            "ami": "ami-0520e200eb4f308f2",
            "arn": "arn:aws:ec2:eu-west-1:577638385121:instance/i-00500f63ecc5ba30f",
            "associate_public_ip_address": true,
            "availability_zone": "eu-west-1b",
            "capacity_reservation_specification": [
              {
                "capacity_reservation_preference": "open",
                "capacity_reservation_target": []
              }
            ],
            "cpu_core_count": 1,
            "cpu_options": [
              {
                "amd_sev_snp": "",
                "core_count": 1,
                "threads_per_core": 1
              }
            ],
            "cpu_threads_per_core": 1,
            "credit_specification": [
              {
                "cpu_credits": "standard"
              }
            ],
            "disable_api_stop": false,
            "disable_api_termination": false,
            "ebs_block_device": [],
            "ebs_optimized": false,
            "enable_primary_ipv6": null,
            "enclave_options": [
              {
                "enabled": false
              }
            ],
            "ephemeral_block_device": [],
            "get_password_data": false,
            "hibernation": false,
            "host_id": "",
            "host_resource_group_arn": null,
            "iam_instance_profile": "",
            "id": "i-00500f63ecc5ba30f",
            "instance_initiated_shutdown_behavior": "stop",
            "instance_lifecycle": "",
            "instance_market_options": [],
            "instance_state": "running",
            "instance_type": "t2.micro",
            "ipv6_address_count": 0,
            "ipv6_addresses": [],
            "key_name": "dea-key",
            "launch_template": [],
            "maintenance_options": [
              {
                "auto_recovery": "default"
              }
            ],
            "metadata_options": [
              {
                "http_endpoint": "enabled",
                "http_protocol_ipv6": "disabled",
                "http_put_response_hop_limit": 1,
                "http_tokens": "optional",
                "instance_metadata_tags": "disabled"
              }
            ],
            "monitoring": false,
            "network_interface": [],
            "outpost_arn": "",
            "password_data": "",
            "placement_group": "",
            "placement_partition_number": 0,
            "primary_network_interface_id": "eni-080823f19c67dcc36",
            "private_dns": "ip-172-16-0-118.eu-west-1.compute.internal",
            "private_dns_name_options": [
              {
                "enable_resource_name_dns_a_record": false,
                "enable_resource_name_dns_aaaa_record": false,
                "hostname_type": "ip-name"
              }
            ],
            "private_ip": "172.16.0.118",
            "public_dns": "",
            "public_ip": "63.33.58.198",
            "root_block_device": [
              {
                "delete_on_termination": true,
                "device_name": "/dev/sda1",
                "encrypted": false,
                "iops": 100,
                "kms_key_id": "",
                "tags": {},
                "tags_all": {},
                "throughput": 0,
                "volume_id": "vol-0cfbb6056ff7a175e",
                "volume_size": 8,
                "volume_type": "gp2"
              }
            ],
            "secondary_private_ips": [],
            "security_groups": [],
            "source_dest_check": true,
            "spot_instance_request_id": "",
            "subnet_id": "subnet-0ab66c1d242335d1d",
            "tags": {
              "Name": "dea-jumpbox"
            },
            "tags_all": {
              "Name": "dea-jumpbox"
            },
            "tenancy": "default",
            "timeouts": null,
            "user_data": null,
            "user_data_base64": null,
            "user_data_replace_on_change": false,
            "volume_tags": null,
            "vpc_security_group_ids": [
              "sg-06ff216cd85a0ee5f"
            ]
          },
          "sensitive_attributes": [],
          "private": "eyJlMmJmYjczMC1lY2FhLTExZTYtOGY4OC0zNDM2M2JjN2M0YzAiOnsiY3JlYXRlIjo2MDAwMDAwMDAwMDAsImRlbGV0ZSI6MTIwMDAwMDAwMDAwMCwicmVhZCI6OTAwMDAwMDAwMDAwLCJ1cGRhdGUiOjYwMDAwMDAwMDAwMH0sInNjaGVtYV92ZXJzaW9uIjoiMSJ9",
          "dependencies": [
            "aws_key_pair.deagenkey",
            "aws_security_group.dea-instance",
            "aws_subnet.publicsubnet",
            "aws_vpc.dea",
            "data.aws_ami.ubuntu",
            "data.aws_availability_zones.available",
            "tls_private_key.deatls"
          ]
        }
      ]
    },
    {
      "mode": "managed",
      "type": "aws_internet_gateway",
      "name": "gw",
      "provider": "provider[\"registry.terraform.io/hashicorp/aws\"]",
      "instances": [
        {
          "schema_version": 0,
          "attributes": {
            "arn": "arn:aws:ec2:eu-west-1:577638385121:internet-gateway/igw-03c82521c38fdf960",
            "id": "igw-03c82521c38fdf960",
            "owner_id": "577638385121",
            "tags": {
              "Name": "dea-gw"
            },
            "tags_all": {
              "Name": "dea-gw"
            },
            "timeouts": null,
            "vpc_id": "vpc-0bf4daa25232a9fea"
          },
          "sensitive_attributes": [],
          "private": "eyJlMmJmYjczMC1lY2FhLTExZTYtOGY4OC0zNDM2M2JjN2M0YzAiOnsiY3JlYXRlIjoxMjAwMDAwMDAwMDAwLCJkZWxldGUiOjEyMDAwMDAwMDAwMDAsInVwZGF0ZSI6MTIwMDAwMDAwMDAwMH19",
          "dependencies": [
            "aws_vpc.dea"
          ]
        }
      ]
    },
    {
      "mode": "managed",
      "type": "aws_key_pair",
      "name": "deagenkey",
      "provider": "provider[\"registry.terraform.io/hashicorp/aws\"]",
      "instances": [
        {
          "schema_version": 1,
          "attributes": {
            "arn": "arn:aws:ec2:eu-west-1:577638385121:key-pair/dea-key",
            "fingerprint": "0b:7d:ff:fc:cd:c6:f2:30:13:07:05:cc:8e:b6:8d:80",
            "id": "dea-key",
            "key_name": "dea-key",
            "key_name_prefix": "",
            "key_pair_id": "key-0506f69b81abdf9d7",
            "key_type": "rsa",
            "public_key": "ssh-rsa AAAAB3NzaC1yc2EAAAADAQABAAACAQC0PCwphqzin/WYPHzj+Ll7C3T4Kt9IJghKTupmYyUotz7kkDf/nV3MO7cjTNJ8TjbshvjhShmVlWaNoWzL6hA/vFeEiwNV/Nv/zzVsyqrGcoQ7YR3BmE6BPDRCSIomP8BlBvMAVKFfUPKNJcNTvkC8Hgs8qcwFcGgmiYiM8QptZQhfXKsplkhSu+Py//TfEKcprCADrCsmK4oQXE1LtlvSbABVFF/RX2v2tebVWr/xP6Ij0sjJJ7RDFBlI96UQIXw2lQebFubNau6YuDTB0xCS8fr2F39n0CxROa2q1H31dBuvEzxYp39xUUZXoUEkoxsvlv/73hwdGjCQBOMvXcjdxbtUZiJYVliCcEGI45F96GPSp+hbT3SzmZWLp46LRWfzpqk3xYHnm0utI5QMzBQkmxcgdoIb1MfncuDYmfeahejR1ln8N72QknCEMIGByKXYYiAt2Me83tLx1NhmJvmq45sacMH7jo1OU+oCaWYFV/eFsFIIpPubpM5Z1szlen2QIoi/+EZud8r/qrye6/p2WbWAicIj2mTY4AgM4zMdgC0Ek2j/4UZDkjOhZeEzWURK79qsn9xyz2Pbon1pevPNdFet5aMSl+OblxDtBuMxNergrNA47jYZglgBlGXoG3h8uL8djURWqXatL7TjhLHdAYOwMfzIknC37n2ogSqcmw==",
            "tags": {},
            "tags_all": {}
          },
          "sensitive_attributes": [],
          "private": "eyJzY2hlbWFfdmVyc2lvbiI6IjEifQ==",
          "dependencies": [
            "tls_private_key.deatls"
          ]
        }
      ]
    },
    {
      "mode": "managed",
      "type": "aws_route_table",
      "name": "publRT",
      "provider": "provider[\"registry.terraform.io/hashicorp/aws\"]",
      "instances": [
        {
          "schema_version": 0,
          "attributes": {
            "arn": "arn:aws:ec2:eu-west-1:577638385121:route-table/rtb-0749a4818d7654918",
            "id": "rtb-0749a4818d7654918",
            "owner_id": "577638385121",
            "propagating_vgws": [],
            "route": [
              {
                "carrier_gateway_id": "",
                "cidr_block": "0.0.0.0/0",
                "core_network_arn": "",
                "destination_prefix_list_id": "",
                "egress_only_gateway_id": "",
                "gateway_id": "igw-03c82521c38fdf960",
                "ipv6_cidr_block": "",
                "local_gateway_id": "",
                "nat_gateway_id": "",
                "network_interface_id": "",
                "transit_gateway_id": "",
                "vpc_endpoint_id": "",
                "vpc_peering_connection_id": ""
              }
            ],
            "tags": {},
            "tags_all": {},
            "timeouts": null,
            "vpc_id": "vpc-0bf4daa25232a9fea"
          },
          "sensitive_attributes": [],
          "private": "eyJlMmJmYjczMC1lY2FhLTExZTYtOGY4OC0zNDM2M2JjN2M0YzAiOnsiY3JlYXRlIjozMDAwMDAwMDAwMDAsImRlbGV0ZSI6MzAwMDAwMDAwMDAwLCJ1cGRhdGUiOjEyMDAwMDAwMDAwMH19",
          "dependencies": [
            "aws_internet_gateway.gw",
            "aws_vpc.dea"
          ]
        }
      ]
    },
    {
      "mode": "managed",
      "type": "aws_route_table_association",
      "name": "PubRTAss",
      "provider": "provider[\"registry.terraform.io/hashicorp/aws\"]",
      "instances": [
        {
          "schema_version": 0,
          "attributes": {
            "gateway_id": "",
            "id": "rtbassoc-0505fc048f28abe21",
            "route_table_id": "rtb-0749a4818d7654918",
            "subnet_id": "subnet-0ab66c1d242335d1d",
            "timeouts": null
          },
          "sensitive_attributes": [],
          "private": "eyJlMmJmYjczMC1lY2FhLTExZTYtOGY4OC0zNDM2M2JjN2M0YzAiOnsiY3JlYXRlIjozMDAwMDAwMDAwMDAsImRlbGV0ZSI6MzAwMDAwMDAwMDAwLCJ1cGRhdGUiOjEyMDAwMDAwMDAwMH19",
          "dependencies": [
            "aws_internet_gateway.gw",
            "aws_route_table.publRT",
            "aws_subnet.publicsubnet",
            "aws_vpc.dea",
            "data.aws_availability_zones.available"
          ]
        }
      ]
    },
    {
      "mode": "managed",
      "type": "aws_security_group",
      "name": "dea-db-instance",
      "provider": "provider[\"registry.terraform.io/hashicorp/aws\"]",
      "instances": [
        {
          "schema_version": 1,
          "attributes": {
            "arn": "arn:aws:ec2:eu-west-1:577638385121:security-group/sg-07e7f58f977c67cd6",
            "description": "Managed by Terraform",
            "egress": [
              {
                "cidr_blocks": [
                  "0.0.0.0/0"
                ],
                "description": "",
                "from_port": 0,
                "ipv6_cidr_blocks": [],
                "prefix_list_ids": [],
                "protocol": "-1",
                "security_groups": [],
                "self": false,
                "to_port": 0
              }
            ],
            "id": "sg-07e7f58f977c67cd6",
            "ingress": [
              {
                "cidr_blocks": [
                  "0.0.0.0/0"
                ],
                "description": "",
                "from_port": 3306,
                "ipv6_cidr_blocks": [],
                "prefix_list_ids": [],
                "protocol": "tcp",
                "security_groups": [],
                "self": false,
                "to_port": 3306
              }
            ],
            "name": "dea-db-instance",
            "name_prefix": "",
            "owner_id": "577638385121",
            "revoke_rules_on_delete": false,
            "tags": {},
            "tags_all": {},
            "timeouts": null,
            "vpc_id": "vpc-0bf4daa25232a9fea"
          },
          "sensitive_attributes": [],
          "private": "eyJlMmJmYjczMC1lY2FhLTExZTYtOGY4OC0zNDM2M2JjN2M0YzAiOnsiY3JlYXRlIjo2MDAwMDAwMDAwMDAsImRlbGV0ZSI6OTAwMDAwMDAwMDAwfSwic2NoZW1hX3ZlcnNpb24iOiIxIn0=",
          "dependencies": [
            "aws_vpc.dea"
          ]
        }
      ]
    },
    {
      "mode": "managed",
      "type": "aws_security_group",
      "name": "dea-instance",
      "provider": "provider[\"registry.terraform.io/hashicorp/aws\"]",
      "instances": [
        {
          "schema_version": 1,
          "attributes": {
            "arn": "arn:aws:ec2:eu-west-1:577638385121:security-group/sg-06ff216cd85a0ee5f",
            "description": "Managed by Terraform",
            "egress": [
              {
                "cidr_blocks": [
                  "0.0.0.0/0"
                ],
                "description": "",
                "from_port": 0,
                "ipv6_cidr_blocks": [],
                "prefix_list_ids": [],
                "protocol": "-1",
                "security_groups": [],
                "self": false,
                "to_port": 0
              }
            ],
            "id": "sg-06ff216cd85a0ee5f",
            "ingress": [
              {
                "cidr_blocks": [
                  "0.0.0.0/0"
                ],
                "description": "",
                "from_port": 22,
                "ipv6_cidr_blocks": [],
                "prefix_list_ids": [],
                "protocol": "tcp",
                "security_groups": [],
                "self": false,
                "to_port": 22
              }
            ],
            "name": "dea-instance-sg",
            "name_prefix": "",
            "owner_id": "577638385121",
            "revoke_rules_on_delete": false,
            "tags": {},
            "tags_all": {},
            "timeouts": null,
            "vpc_id": "vpc-0bf4daa25232a9fea"
          },
          "sensitive_attributes": [],
          "private": "eyJlMmJmYjczMC1lY2FhLTExZTYtOGY4OC0zNDM2M2JjN2M0YzAiOnsiY3JlYXRlIjo2MDAwMDAwMDAwMDAsImRlbGV0ZSI6OTAwMDAwMDAwMDAwfSwic2NoZW1hX3ZlcnNpb24iOiIxIn0=",
          "dependencies": [
            "aws_vpc.dea"
          ]
        }
      ]
    },
    {
      "mode": "managed",
      "type": "aws_subnet",
      "name": "privatesubnet",
      "provider": "provider[\"registry.terraform.io/hashicorp/aws\"]",
      "instances": [
        {
          "schema_version": 1,
          "attributes": {
            "arn": "arn:aws:ec2:eu-west-1:577638385121:subnet/subnet-00982ac201877e2ba",
            "assign_ipv6_address_on_creation": false,
            "availability_zone": "eu-west-1a",
            "availability_zone_id": "euw1-az3",
            "cidr_block": "172.16.0.96/28",
            "customer_owned_ipv4_pool": "",
            "enable_dns64": false,
            "enable_lni_at_device_index": 0,
            "enable_resource_name_dns_a_record_on_launch": false,
            "enable_resource_name_dns_aaaa_record_on_launch": false,
            "id": "subnet-00982ac201877e2ba",
            "ipv6_cidr_block": "",
            "ipv6_cidr_block_association_id": "",
            "ipv6_native": false,
            "map_customer_owned_ip_on_launch": false,
            "map_public_ip_on_launch": false,
            "outpost_arn": "",
            "owner_id": "577638385121",
            "private_dns_hostname_type_on_launch": "ip-name",
            "tags": {},
            "tags_all": {},
            "timeouts": null,
            "vpc_id": "vpc-0bf4daa25232a9fea"
          },
          "sensitive_attributes": [],
          "private": "eyJlMmJmYjczMC1lY2FhLTExZTYtOGY4OC0zNDM2M2JjN2M0YzAiOnsiY3JlYXRlIjo2MDAwMDAwMDAwMDAsImRlbGV0ZSI6MTIwMDAwMDAwMDAwMH0sInNjaGVtYV92ZXJzaW9uIjoiMSJ9",
          "dependencies": [
            "aws_vpc.dea",
            "data.aws_availability_zones.available"
          ]
        }
      ]
    },
    {
      "mode": "managed",
      "type": "aws_subnet",
      "name": "publicsubnet",
      "provider": "provider[\"registry.terraform.io/hashicorp/aws\"]",
      "instances": [
        {
          "schema_version": 1,
          "attributes": {
            "arn": "arn:aws:ec2:eu-west-1:577638385121:subnet/subnet-0ab66c1d242335d1d",
            "assign_ipv6_address_on_creation": false,
            "availability_zone": "eu-west-1b",
            "availability_zone_id": "euw1-az1",
            "cidr_block": "172.16.0.112/28",
            "customer_owned_ipv4_pool": "",
            "enable_dns64": false,
            "enable_lni_at_device_index": 0,
            "enable_resource_name_dns_a_record_on_launch": false,
            "enable_resource_name_dns_aaaa_record_on_launch": false,
            "id": "subnet-0ab66c1d242335d1d",
            "ipv6_cidr_block": "",
            "ipv6_cidr_block_association_id": "",
            "ipv6_native": false,
            "map_customer_owned_ip_on_launch": false,
            "map_public_ip_on_launch": false,
            "outpost_arn": "",
            "owner_id": "577638385121",
            "private_dns_hostname_type_on_launch": "ip-name",
            "tags": {},
            "tags_all": {},
            "timeouts": null,
            "vpc_id": "vpc-0bf4daa25232a9fea"
          },
          "sensitive_attributes": [],
          "private": "eyJlMmJmYjczMC1lY2FhLTExZTYtOGY4OC0zNDM2M2JjN2M0YzAiOnsiY3JlYXRlIjo2MDAwMDAwMDAwMDAsImRlbGV0ZSI6MTIwMDAwMDAwMDAwMH0sInNjaGVtYV92ZXJzaW9uIjoiMSJ9",
          "dependencies": [
            "aws_vpc.dea",
            "data.aws_availability_zones.available"
          ]
        }
      ]
    },
    {
      "mode": "managed",
      "type": "aws_vpc",
      "name": "dea",
      "provider": "provider[\"registry.terraform.io/hashicorp/aws\"]",
      "instances": [
        {
          "schema_version": 1,
          "attributes": {
            "arn": "arn:aws:ec2:eu-west-1:577638385121:vpc/vpc-0bf4daa25232a9fea",
            "assign_generated_ipv6_cidr_block": false,
            "cidr_block": "172.16.0.0/16",
            "default_network_acl_id": "acl-0ff9b2c0faaedc888",
            "default_route_table_id": "rtb-0349a3a2e97aab07f",
            "default_security_group_id": "sg-029d8f57aebaf746c",
            "dhcp_options_id": "dopt-047d474fc5a407574",
            "enable_dns_hostnames": false,
            "enable_dns_support": true,
            "enable_network_address_usage_metrics": false,
            "id": "vpc-0bf4daa25232a9fea",
            "instance_tenancy": "default",
            "ipv4_ipam_pool_id": null,
            "ipv4_netmask_length": null,
            "ipv6_association_id": "",
            "ipv6_cidr_block": "",
            "ipv6_cidr_block_network_border_group": "",
            "ipv6_ipam_pool_id": "",
            "ipv6_netmask_length": 0,
            "main_route_table_id": "rtb-0349a3a2e97aab07f",
            "owner_id": "577638385121",
            "tags": {
              "Name": "dea-vpc"
            },
            "tags_all": {
              "Name": "dea-vpc"
            }
          },
          "sensitive_attributes": [],
          "private": "eyJzY2hlbWFfdmVyc2lvbiI6IjEifQ=="
        }
      ]
    },
    {
      "mode": "managed",
      "type": "tls_private_key",
      "name": "deatls",
      "provider": "provider[\"registry.terraform.io/hashicorp/tls\"]",
      "instances": [
        {
          "schema_version": 1,
          "attributes": {
            "algorithm": "RSA",
            "ecdsa_curve": "P224",
            "id": "2a1c840aa07e3cf3e68e01e7fb0ae60c4d0314e2",
            "private_key_openssh": "-----BEGIN OPENSSH PRIVATE KEY-----\nb3BlbnNzaC1rZXktdjEAAAAABG5vbmUAAAAEbm9uZQAAAAAAAAABAAACFwAAAAdz\nc2gtcnNhAAAAAwEAAQAAAgEAtDwsKYas4p/1mDx84/i5ewt0+CrfSCYISk7qZmMl\nKLc+5JA3/51dzDu3I0zSfE427Ib44UoZlZVmjaFsy+oQP7xXhIsDVfzb/881bMqq\nxnKEO2EdwZhOgTw0QkiKJj/AZQbzAFShX1DyjSXDU75AvB4LPKnMBXBoJomIjPEK\nbWUIX1yrKZZIUrvj8v/03xCnKawgA6wrJiuKEFxNS7Zb0mwAVRRf0V9r9rXm1Vq/\n8T+iI9LIySe0QxQZSPelECF8NpUHmxbmzWrumLg0wdMQkvH69hd/Z9AsUTmtqtR9\n9XQbrxM8WKd/cVFGV6FBJKMbL5b/+94cHRowkATjL13I3cW7VGYiWFZYgnBBiOOR\nfehj0qfoW090s5mVi6eOi0Vn86apN8WB55tLrSOUDMwUJJsXIHaCG9TH53Lg2Jn3\nmoXo0dZZ/De9kJJwhDCBgcil2GIgLdjHvN7S8dTYZib5quObGnDB+46NTlPqAmlm\nBVf3hbBSCKT7m6TOWdbM5Xp9kCKIv/hGbnfK/6q8nuv6dlm1gInCI9pk2OAIDOMz\nHYAtBJNo/+FGQ5IzoWXhM1lESu/arJ/ccs9j26J9aXrzzXRXreWjEpfjm5cQ7Qbj\nMTXq4KzQOO42GYJYAZRl6Bt4fLi/HY1EVql2rS+044Sx3QGDsDH8yJJwt+59qIEq\nnJsAAAc4PhV4TD4VeEwAAAAHc3NoLXJzYQAAAgEAtDwsKYas4p/1mDx84/i5ewt0\n+CrfSCYISk7qZmMlKLc+5JA3/51dzDu3I0zSfE427Ib44UoZlZVmjaFsy+oQP7xX\nhIsDVfzb/881bMqqxnKEO2EdwZhOgTw0QkiKJj/AZQbzAFShX1DyjSXDU75AvB4L\nPKnMBXBoJomIjPEKbWUIX1yrKZZIUrvj8v/03xCnKawgA6wrJiuKEFxNS7Zb0mwA\nVRRf0V9r9rXm1Vq/8T+iI9LIySe0QxQZSPelECF8NpUHmxbmzWrumLg0wdMQkvH6\n9hd/Z9AsUTmtqtR99XQbrxM8WKd/cVFGV6FBJKMbL5b/+94cHRowkATjL13I3cW7\nVGYiWFZYgnBBiOORfehj0qfoW090s5mVi6eOi0Vn86apN8WB55tLrSOUDMwUJJsX\nIHaCG9TH53Lg2Jn3moXo0dZZ/De9kJJwhDCBgcil2GIgLdjHvN7S8dTYZib5quOb\nGnDB+46NTlPqAmlmBVf3hbBSCKT7m6TOWdbM5Xp9kCKIv/hGbnfK/6q8nuv6dlm1\ngInCI9pk2OAIDOMzHYAtBJNo/+FGQ5IzoWXhM1lESu/arJ/ccs9j26J9aXrzzXRX\nreWjEpfjm5cQ7QbjMTXq4KzQOO42GYJYAZRl6Bt4fLi/HY1EVql2rS+044Sx3QGD\nsDH8yJJwt+59qIEqnJsAAAADAQABAAACACfyxl8V6K/6gHcTwSLOeF4bdfujlQXq\n2B+QSkgTZaMWqqwCg0b23FluSvNaDbVbqLTYXcWhpPYQvUBbLUAtSxi1aDiKj1y5\nxRF4HgFVEnEV5NU8e1nzpkLi0zp11ZkQvFYoKihCmdoEmR5L5nVjT/niNt9lS0FR\nXuRby5ZhvsvsfuSUJ6P6GWGtH6M2tFHU4RhNfHMT8CRvthRWQROtAcEsCw7Qi0Rf\nABEY1GcpzC1uy0NhbvuW/0923vvbWAyxP1Thx2PKubGCKAxVl+v2GlBXriZpouWh\nsJD4VdPtcVW8PH6bpt6HkanON+coaMX0GQx9TZPH8TdKHMVvL+PJx8FwnY5kJrzC\nTGoyjo5HVcXsqlh90sxO57gisWG+A8hfK3cQ1smyC507yaL6qF3xyBu1lJYzZ/vR\nxup2vc/vAnb2qxNM0JobTeB1cNnrghM17UKcYhVbGOOxWu0Om+Ep2ETRk4WjLTHq\nolMDLG+P7qOmDcg64inNBfIB7gGOXqDtoQhugUEd6C36P01zkGZPZNy8JA0UT196\nFdqMQc4GDGbVTDlLVRy+hkUDtdMw0mPokybtHnKHz+a2hngBSAjGvFouToEklC5b\nKNGtcqPhU2A3TRtEYl+ITBBREwjPbkpvVLPO62YlKLJkpikZF94cxOAIUFa9a8fZ\nyId9ezmjJNchAAABAQCPmjxg7SF6gu7iWir0KJGvjuVC+IwBrJ3fs9D9v4gajt/N\nmx+SSYI5+5lJDh0JoefHTTEVYg3MmNmbLytpYf0kYpfmQi5IvUKypINEjhwuRCov\nGadkZqaMYik7720A8HncHFqpqxG9XQTfBJDXeMCmref/OFQ6zDRsbVlg9yZpzlKj\nu/wVK+B/mzIYuI/roq3Od5aQZUN1VTdGvFvxRKDfzC/uy06YXQGAKqldb333Cn/V\nRpZD/cSuxLvD9pWeOb1bMd6TiNrOE4mCLUkrEtQD4pk/85gshWu+VGFlX8SoMUiz\nhKNd7PDJKSTYOeCiilY2e16uSEka8WyMINeXmF1eAAABAQDnM17SHwD24iwkccVf\nXdGra15POF6DJRRxw3e+VxnbxmBfmwNgYsl7j0BM3YL0K4ypxuSuPYajgtEEct/4\nezP3OecbxpsPEtKfWYJUsMWLUk3xVkeUw/IpNvmDeUdFGJ3dXKr2kScntaoj0PkU\n6PI+h0iEmTGsnl3IBsjq0G5vx/0Vw5eA4BvxZnQru8bm/FYyUV6HRscZSm+b7mgk\nsTeXfKn+UJLmSBe5LwsvvXUOiv42MSHVxOlQkMPLwIF7k3Ic9I4p/OWYWP4Bcl7t\nb2Fl0N/r9Y5YtpD01ryOOU/yIbW0n+xfVz/Hek822rc+CjUv9HbTvKT9f5AldbfW\nPiYzAAABAQDHkVE51LqBPlsbnY6cxKhIYsZUDB8HPmca9sMroWyjMU8arpHbEhbE\nklOYuY8gum3B3ZQTlnm9OSt63fCCbRqUbYi1XGCzyahs849VmCamkOWGhh+ynbPC\nW5n4LgZ/BVf/b2hYVryB1mDx94DhwW0bvVHHVMvYrnfYnsJL4/IDuyRz1pyw5nKg\nqiDJqMx2SqUWooi2qEVcGL5Qv2fpAgqJOJLYO+sQ3QwOHt2BSz4UveQATv+YCIw8\ntyH+kQXEkHP3rduLwpqO1eyIiX03dfhMyFxMlIanw2iZSfgJQayulqAKF7NxaNmZ\neQFkF59qzRLp6KClgtbkRtGbF2TV87f5AAAAAAEC\n-----END OPENSSH PRIVATE KEY-----\n",
            "private_key_pem": "-----BEGIN RSA PRIVATE KEY-----\nMIIJKQIBAAKCAgEAtDwsKYas4p/1mDx84/i5ewt0+CrfSCYISk7qZmMlKLc+5JA3\n/51dzDu3I0zSfE427Ib44UoZlZVmjaFsy+oQP7xXhIsDVfzb/881bMqqxnKEO2Ed\nwZhOgTw0QkiKJj/AZQbzAFShX1DyjSXDU75AvB4LPKnMBXBoJomIjPEKbWUIX1yr\nKZZIUrvj8v/03xCnKawgA6wrJiuKEFxNS7Zb0mwAVRRf0V9r9rXm1Vq/8T+iI9LI\nySe0QxQZSPelECF8NpUHmxbmzWrumLg0wdMQkvH69hd/Z9AsUTmtqtR99XQbrxM8\nWKd/cVFGV6FBJKMbL5b/+94cHRowkATjL13I3cW7VGYiWFZYgnBBiOORfehj0qfo\nW090s5mVi6eOi0Vn86apN8WB55tLrSOUDMwUJJsXIHaCG9TH53Lg2Jn3moXo0dZZ\n/De9kJJwhDCBgcil2GIgLdjHvN7S8dTYZib5quObGnDB+46NTlPqAmlmBVf3hbBS\nCKT7m6TOWdbM5Xp9kCKIv/hGbnfK/6q8nuv6dlm1gInCI9pk2OAIDOMzHYAtBJNo\n/+FGQ5IzoWXhM1lESu/arJ/ccs9j26J9aXrzzXRXreWjEpfjm5cQ7QbjMTXq4KzQ\nOO42GYJYAZRl6Bt4fLi/HY1EVql2rS+044Sx3QGDsDH8yJJwt+59qIEqnJsCAwEA\nAQKCAgAn8sZfFeiv+oB3E8EiznheG3X7o5UF6tgfkEpIE2WjFqqsAoNG9txZbkrz\nWg21W6i02F3FoaT2EL1AWy1ALUsYtWg4io9cucUReB4BVRJxFeTVPHtZ86ZC4tM6\nddWZELxWKCooQpnaBJkeS+Z1Y0/54jbfZUtBUV7kW8uWYb7L7H7klCej+hlhrR+j\nNrRR1OEYTXxzE/Akb7YUVkETrQHBLAsO0ItEXwARGNRnKcwtbstDYW77lv9Pdt77\n21gMsT9U4cdjyrmxgigMVZfr9hpQV64maaLlobCQ+FXT7XFVvDx+m6beh5Gpzjfn\nKGjF9BkMfU2Tx/E3ShzFby/jycfBcJ2OZCa8wkxqMo6OR1XF7KpYfdLMTue4IrFh\nvgPIXyt3ENbJsgudO8mi+qhd8cgbtZSWM2f70cbqdr3P7wJ29qsTTNCaG03gdXDZ\n64ITNe1CnGIVWxjjsVrtDpvhKdhE0ZOFoy0x6qJTAyxvj+6jpg3IOuIpzQXyAe4B\njl6g7aEIboFBHegt+j9Nc5BmT2TcvCQNFE9fehXajEHOBgxm1Uw5S1UcvoZFA7XT\nMNJj6JMm7R5yh8/mtoZ4AUgIxrxaLk6BJJQuWyjRrXKj4VNgN00bRGJfiEwQURMI\nz25Kb1SzzutmJSiyZKYpGRfeHMTgCFBWvWvH2ciHfXs5oyTXIQKCAQEA5zNe0h8A\n9uIsJHHFX13Rq2teTzhegyUUccN3vlcZ28ZgX5sDYGLJe49ATN2C9CuMqcbkrj2G\no4LRBHLf+Hsz9znnG8abDxLSn1mCVLDFi1JN8VZHlMPyKTb5g3lHRRid3Vyq9pEn\nJ7WqI9D5FOjyPodIhJkxrJ5dyAbI6tBub8f9FcOXgOAb8WZ0K7vG5vxWMlFeh0bH\nGUpvm+5oJLE3l3yp/lCS5kgXuS8LL711Dor+NjEh1cTpUJDDy8CBe5NyHPSOKfzl\nmFj+AXJe7W9hZdDf6/WOWLaQ9Na8jjlP8iG1tJ/sX1c/x3pPNtq3Pgo1L/R207yk\n/X+QJXW31j4mMwKCAQEAx5FROdS6gT5bG52OnMSoSGLGVAwfBz5nGvbDK6FsozFP\nGq6R2xIWxJJTmLmPILptwd2UE5Z5vTkret3wgm0alG2ItVxgs8mobPOPVZgmppDl\nhoYfsp2zwluZ+C4GfwVX/29oWFa8gdZg8feA4cFtG71Rx1TL2K532J7CS+PyA7sk\nc9acsOZyoKogyajMdkqlFqKItqhFXBi+UL9n6QIKiTiS2DvrEN0MDh7dgUs+FL3k\nAE7/mAiMPLch/pEFxJBz963bi8KajtXsiIl9N3X4TMhcTJSGp8NomUn4CUGsrpag\nChezcWjZmXkBZBefas0S6eigpYLW5EbRmxdk1fO3+QKCAQEAv/Q6qaHsHw4xMCD1\nifRO/E+sgYF/lsrWao2rgXC3m2zc3wPIjeH2/os1C5xt+WOe6eakPrX+bwtRlqv5\noEhKIN0GMF14p88s5/hc6QvLN50h8Vl9HNqC2A04pBuxPIDvsLYbi5OAOsvtcscx\nxlaRqbCQWOcIAxWJL2XSsoJS7qPQUJ2P0ARBru8tTJIe1fBzcFt2bEIrU6glegU6\nmhw416E9UlR7Yo5AhBO26fAWm/hyj3PDb8SJIcbPiP9PgdYtTDUPQ3Ug+pgIbBMV\nFXUAHJSLFVFO2gDZ4S3YZwzWf2XVgx20FoROA8RcuGJm+S9ocWQ6tBlPstiSSUev\nVkVLWQKCAQBWmAqLsm+e5wS3bd1UzsxKZHm0PHI2PXCVtZ8oTmoKQboWVMs7KJUy\nhF+7tECTrfE0HsZC3ZdDcQwZyzWyEk9nOkQIleXr/UOUyvZV6KhUvCir/4S/h0hZ\nvE+J7cap1RLC5n97XV98Yx47v+5vhvOmBrb2bCfrhIDCQNkD/wujbM+7Z9Mju0rf\nxhJmDlVxup/5u1rhDxDRjnb+KJ+Y7mbN9ftZ0l4EOjYh5mis0o5Eh8ToEV88g/D9\n42TfxeOf0CJRxWGvOijAc7in4iiwKQMtpf7Ox9/J6bN4WC1FLvcT5o3Y80HMovdQ\nbb4ZxVpKCGP9lRAn4ScHdGc9CaCaaZ9ZAoIBAQCPmjxg7SF6gu7iWir0KJGvjuVC\n+IwBrJ3fs9D9v4gajt/Nmx+SSYI5+5lJDh0JoefHTTEVYg3MmNmbLytpYf0kYpfm\nQi5IvUKypINEjhwuRCovGadkZqaMYik7720A8HncHFqpqxG9XQTfBJDXeMCmref/\nOFQ6zDRsbVlg9yZpzlKju/wVK+B/mzIYuI/roq3Od5aQZUN1VTdGvFvxRKDfzC/u\ny06YXQGAKqldb333Cn/VRpZD/cSuxLvD9pWeOb1bMd6TiNrOE4mCLUkrEtQD4pk/\n85gshWu+VGFlX8SoMUizhKNd7PDJKSTYOeCiilY2e16uSEka8WyMINeXmF1e\n-----END RSA PRIVATE KEY-----\n",
            "private_key_pem_pkcs8": "-----BEGIN PRIVATE KEY-----\nMIIJQwIBADANBgkqhkiG9w0BAQEFAASCCS0wggkpAgEAAoICAQC0PCwphqzin/WY\nPHzj+Ll7C3T4Kt9IJghKTupmYyUotz7kkDf/nV3MO7cjTNJ8TjbshvjhShmVlWaN\noWzL6hA/vFeEiwNV/Nv/zzVsyqrGcoQ7YR3BmE6BPDRCSIomP8BlBvMAVKFfUPKN\nJcNTvkC8Hgs8qcwFcGgmiYiM8QptZQhfXKsplkhSu+Py//TfEKcprCADrCsmK4oQ\nXE1LtlvSbABVFF/RX2v2tebVWr/xP6Ij0sjJJ7RDFBlI96UQIXw2lQebFubNau6Y\nuDTB0xCS8fr2F39n0CxROa2q1H31dBuvEzxYp39xUUZXoUEkoxsvlv/73hwdGjCQ\nBOMvXcjdxbtUZiJYVliCcEGI45F96GPSp+hbT3SzmZWLp46LRWfzpqk3xYHnm0ut\nI5QMzBQkmxcgdoIb1MfncuDYmfeahejR1ln8N72QknCEMIGByKXYYiAt2Me83tLx\n1NhmJvmq45sacMH7jo1OU+oCaWYFV/eFsFIIpPubpM5Z1szlen2QIoi/+EZud8r/\nqrye6/p2WbWAicIj2mTY4AgM4zMdgC0Ek2j/4UZDkjOhZeEzWURK79qsn9xyz2Pb\non1pevPNdFet5aMSl+OblxDtBuMxNergrNA47jYZglgBlGXoG3h8uL8djURWqXat\nL7TjhLHdAYOwMfzIknC37n2ogSqcmwIDAQABAoICACfyxl8V6K/6gHcTwSLOeF4b\ndfujlQXq2B+QSkgTZaMWqqwCg0b23FluSvNaDbVbqLTYXcWhpPYQvUBbLUAtSxi1\naDiKj1y5xRF4HgFVEnEV5NU8e1nzpkLi0zp11ZkQvFYoKihCmdoEmR5L5nVjT/ni\nNt9lS0FRXuRby5ZhvsvsfuSUJ6P6GWGtH6M2tFHU4RhNfHMT8CRvthRWQROtAcEs\nCw7Qi0RfABEY1GcpzC1uy0NhbvuW/0923vvbWAyxP1Thx2PKubGCKAxVl+v2GlBX\nriZpouWhsJD4VdPtcVW8PH6bpt6HkanON+coaMX0GQx9TZPH8TdKHMVvL+PJx8Fw\nnY5kJrzCTGoyjo5HVcXsqlh90sxO57gisWG+A8hfK3cQ1smyC507yaL6qF3xyBu1\nlJYzZ/vRxup2vc/vAnb2qxNM0JobTeB1cNnrghM17UKcYhVbGOOxWu0Om+Ep2ETR\nk4WjLTHqolMDLG+P7qOmDcg64inNBfIB7gGOXqDtoQhugUEd6C36P01zkGZPZNy8\nJA0UT196FdqMQc4GDGbVTDlLVRy+hkUDtdMw0mPokybtHnKHz+a2hngBSAjGvFou\nToEklC5bKNGtcqPhU2A3TRtEYl+ITBBREwjPbkpvVLPO62YlKLJkpikZF94cxOAI\nUFa9a8fZyId9ezmjJNchAoIBAQDnM17SHwD24iwkccVfXdGra15POF6DJRRxw3e+\nVxnbxmBfmwNgYsl7j0BM3YL0K4ypxuSuPYajgtEEct/4ezP3OecbxpsPEtKfWYJU\nsMWLUk3xVkeUw/IpNvmDeUdFGJ3dXKr2kScntaoj0PkU6PI+h0iEmTGsnl3IBsjq\n0G5vx/0Vw5eA4BvxZnQru8bm/FYyUV6HRscZSm+b7mgksTeXfKn+UJLmSBe5Lwsv\nvXUOiv42MSHVxOlQkMPLwIF7k3Ic9I4p/OWYWP4Bcl7tb2Fl0N/r9Y5YtpD01ryO\nOU/yIbW0n+xfVz/Hek822rc+CjUv9HbTvKT9f5AldbfWPiYzAoIBAQDHkVE51LqB\nPlsbnY6cxKhIYsZUDB8HPmca9sMroWyjMU8arpHbEhbEklOYuY8gum3B3ZQTlnm9\nOSt63fCCbRqUbYi1XGCzyahs849VmCamkOWGhh+ynbPCW5n4LgZ/BVf/b2hYVryB\n1mDx94DhwW0bvVHHVMvYrnfYnsJL4/IDuyRz1pyw5nKgqiDJqMx2SqUWooi2qEVc\nGL5Qv2fpAgqJOJLYO+sQ3QwOHt2BSz4UveQATv+YCIw8tyH+kQXEkHP3rduLwpqO\n1eyIiX03dfhMyFxMlIanw2iZSfgJQayulqAKF7NxaNmZeQFkF59qzRLp6KClgtbk\nRtGbF2TV87f5AoIBAQC/9DqpoewfDjEwIPWJ9E78T6yBgX+WytZqjauBcLebbNzf\nA8iN4fb+izULnG35Y57p5qQ+tf5vC1GWq/mgSEog3QYwXXinzyzn+FzpC8s3nSHx\nWX0c2oLYDTikG7E8gO+wthuLk4A6y+1yxzHGVpGpsJBY5wgDFYkvZdKyglLuo9BQ\nnY/QBEGu7y1Mkh7V8HNwW3ZsQitTqCV6BTqaHDjXoT1SVHtijkCEE7bp8Bab+HKP\nc8NvxIkhxs+I/0+B1i1MNQ9DdSD6mAhsExUVdQAclIsVUU7aANnhLdhnDNZ/ZdWD\nHbQWhE4DxFy4Ymb5L2hxZDq0GU+y2JJJR69WRUtZAoIBAFaYCouyb57nBLdt3VTO\nzEpkebQ8cjY9cJW1nyhOagpBuhZUyzsolTKEX7u0QJOt8TQexkLdl0NxDBnLNbIS\nT2c6RAiV5ev9Q5TK9lXoqFS8KKv/hL+HSFm8T4ntxqnVEsLmf3tdX3xjHju/7m+G\n86YGtvZsJ+uEgMJA2QP/C6Nsz7tn0yO7St/GEmYOVXG6n/m7WuEPENGOdv4on5ju\nZs31+1nSXgQ6NiHmaKzSjkSHxOgRXzyD8P3jZN/F45/QIlHFYa86KMBzuKfiKLAp\nAy2l/s7H38nps3hYLUUu9xPmjdjzQcyi91BtvhnFWkoIY/2VECfhJwd0Zz0JoJpp\nn1kCggEBAI+aPGDtIXqC7uJaKvQoka+O5UL4jAGsnd+z0P2/iBqO382bH5JJgjn7\nmUkOHQmh58dNMRViDcyY2ZsvK2lh/SRil+ZCLki9QrKkg0SOHC5EKi8Zp2Rmpoxi\nKTvvbQDwedwcWqmrEb1dBN8EkNd4wKat5/84VDrMNGxtWWD3JmnOUqO7/BUr4H+b\nMhi4j+uirc53lpBlQ3VVN0a8W/FEoN/ML+7LTphdAYAqqV1vffcKf9VGlkP9xK7E\nu8P2lZ45vVsx3pOI2s4TiYItSSsS1APimT/zmCyFa75UYWVfxKgxSLOEo13s8Mkp\nJNg54KKKVjZ7Xq5ISRrxbIwg15eYXV4=\n-----END PRIVATE KEY-----\n",
            "public_key_fingerprint_md5": "fc:95:4e:5d:16:e3:e5:f2:12:57:ff:4a:a8:d9:ca:9f",
            "public_key_fingerprint_sha256": "SHA256:IyRvBtwj90QMNGE63jscGEq30qm21sA7btPlKjPj9mA",
            "public_key_openssh": "ssh-rsa AAAAB3NzaC1yc2EAAAADAQABAAACAQC0PCwphqzin/WYPHzj+Ll7C3T4Kt9IJghKTupmYyUotz7kkDf/nV3MO7cjTNJ8TjbshvjhShmVlWaNoWzL6hA/vFeEiwNV/Nv/zzVsyqrGcoQ7YR3BmE6BPDRCSIomP8BlBvMAVKFfUPKNJcNTvkC8Hgs8qcwFcGgmiYiM8QptZQhfXKsplkhSu+Py//TfEKcprCADrCsmK4oQXE1LtlvSbABVFF/RX2v2tebVWr/xP6Ij0sjJJ7RDFBlI96UQIXw2lQebFubNau6YuDTB0xCS8fr2F39n0CxROa2q1H31dBuvEzxYp39xUUZXoUEkoxsvlv/73hwdGjCQBOMvXcjdxbtUZiJYVliCcEGI45F96GPSp+hbT3SzmZWLp46LRWfzpqk3xYHnm0utI5QMzBQkmxcgdoIb1MfncuDYmfeahejR1ln8N72QknCEMIGByKXYYiAt2Me83tLx1NhmJvmq45sacMH7jo1OU+oCaWYFV/eFsFIIpPubpM5Z1szlen2QIoi/+EZud8r/qrye6/p2WbWAicIj2mTY4AgM4zMdgC0Ek2j/4UZDkjOhZeEzWURK79qsn9xyz2Pbon1pevPNdFet5aMSl+OblxDtBuMxNergrNA47jYZglgBlGXoG3h8uL8djURWqXatL7TjhLHdAYOwMfzIknC37n2ogSqcmw==\n",
            "public_key_pem": "-----BEGIN PUBLIC KEY-----\nMIICIjANBgkqhkiG9w0BAQEFAAOCAg8AMIICCgKCAgEAtDwsKYas4p/1mDx84/i5\newt0+CrfSCYISk7qZmMlKLc+5JA3/51dzDu3I0zSfE427Ib44UoZlZVmjaFsy+oQ\nP7xXhIsDVfzb/881bMqqxnKEO2EdwZhOgTw0QkiKJj/AZQbzAFShX1DyjSXDU75A\nvB4LPKnMBXBoJomIjPEKbWUIX1yrKZZIUrvj8v/03xCnKawgA6wrJiuKEFxNS7Zb\n0mwAVRRf0V9r9rXm1Vq/8T+iI9LIySe0QxQZSPelECF8NpUHmxbmzWrumLg0wdMQ\nkvH69hd/Z9AsUTmtqtR99XQbrxM8WKd/cVFGV6FBJKMbL5b/+94cHRowkATjL13I\n3cW7VGYiWFZYgnBBiOORfehj0qfoW090s5mVi6eOi0Vn86apN8WB55tLrSOUDMwU\nJJsXIHaCG9TH53Lg2Jn3moXo0dZZ/De9kJJwhDCBgcil2GIgLdjHvN7S8dTYZib5\nquObGnDB+46NTlPqAmlmBVf3hbBSCKT7m6TOWdbM5Xp9kCKIv/hGbnfK/6q8nuv6\ndlm1gInCI9pk2OAIDOMzHYAtBJNo/+FGQ5IzoWXhM1lESu/arJ/ccs9j26J9aXrz\nzXRXreWjEpfjm5cQ7QbjMTXq4KzQOO42GYJYAZRl6Bt4fLi/HY1EVql2rS+044Sx\n3QGDsDH8yJJwt+59qIEqnJsCAwEAAQ==\n-----END PUBLIC KEY-----\n",
            "rsa_bits": 4096
          },
          "sensitive_attributes": [
            [
              {
                "type": "get_attr",
                "value": "private_key_pem_pkcs8"
              }
            ],
            [
              {
                "type": "get_attr",
                "value": "private_key_openssh"
              }
            ],
            [
              {
                "type": "get_attr",
                "value": "private_key_pem"
              }
            ]
          ]
        }
      ]
    }
  ],
  "check_results": null
}
